
Microsoft Visual Studio Solution File, Format Version 12.00
# Visual Studio Version 16
VisualStudioVersion = 16.0.29920.165
MinimumVisualStudioVersion = 10.0.40219.1
Project("{FAE04EC0-301F-11D3-BF4B-00C04F79EFBC}") = "matriz", "matriz.csproj", "{04A7AD1A-5D8D-4531-A97A-3EAC4B9CBAA2}"
EndProject
Global
	GlobalSection(SolutionConfigurationPlatforms) = preSolution
		Debug|Any CPU = Debug|Any CPU
		Release|Any CPU = Release|Any CPU
	EndGlobalSection
	GlobalSection(ProjectConfigurationPlatforms) = postSolution
		{04A7AD1A-5D8D-4531-A97A-3EAC4B9CBAA2}.Debug|Any CPU.ActiveCfg = Debug|Any CPU
		{04A7AD1A-5D8D-4531-A97A-3EAC4B9CBAA2}.Debug|Any CPU.Build.0 = Debug|Any CPU
		{04A7AD1A-5D8D-4531-A97A-3EAC4B9CBAA2}.Release|Any CPU.ActiveCfg = Release|Any CPU
		{04A7AD1A-5D8D-4531-A97A-3EAC4B9CBAA2}.Release|Any CPU.Build.0 = Release|Any CPU
	EndGlobalSection
	GlobalSection(SolutionProperties) = preSolution
		HideSolutionNode = FALSE
	EndGlobalSection
	GlobalSection(ExtensibilityGlobals) = postSolution
		SolutionGuid = {AAF2C018-AD07-4650-B760-922A9F619636}
	EndGlobalSection
EndGlobal
